
Microsoft Visual Studio Solution File, Format Version 12.00
# Visual Studio Version 16
VisualStudioVersion = 16.0.30011.22
MinimumVisualStudioVersion = 10.0.40219.1
Project("{FAE04EC0-301F-11D3-BF4B-00C04F79EFBC}") = "TextBoxAutoComplete", "TextBoxAutoComplete\TextBoxAutoComplete.csproj", "{95E6F65A-BC2B-4404-8E3C-6CFF9C9D9CCF}"
EndProject
Global
	GlobalSection(SolutionConfigurationPlatforms) = preSolution
		Debug|Any CPU = Debug|Any CPU
		Release|Any CPU = Release|Any CPU
	EndGlobalSection
	GlobalSection(ProjectConfigurationPlatforms) = postSolution
		{95E6F65A-BC2B-4404-8E3C-6CFF9C9D9CCF}.Debug|Any CPU.ActiveCfg = Debug|Any CPU
		{95E6F65A-BC2B-4404-8E3C-6CFF9C9D9CCF}.Debug|Any CPU.Build.0 = Debug|Any CPU
		{95E6F65A-BC2B-4404-8E3C-6CFF9C9D9CCF}.Release|Any CPU.ActiveCfg = Release|Any CPU
		{95E6F65A-BC2B-4404-8E3C-6CFF9C9D9CCF}.Release|Any CPU.Build.0 = Release|Any CPU
	EndGlobalSection
	GlobalSection(SolutionProperties) = preSolution
		HideSolutionNode = FALSE
	EndGlobalSection
	GlobalSection(ExtensibilityGlobals) = postSolution
		SolutionGuid = {900419FB-9295-4671-B76D-35A4B866369C}
	EndGlobalSection
EndGlobal
